// !$*UTF8*$!
{
	archiveVersion = 1;
	classes = {
	};
	objectVersion = 50;
	objects = {

/* Begin PBXBuildFile section */
		832DCF1C24001E3700D324D0 /* CardView.swift in Sources */ = {isa = PBXBuildFile; fileRef = 832DCF1B24001E3700D324D0 /* CardView.swift */; };
		838AE9B623E334FB0065E767 /* AppDelegate.swift in Sources */ = {isa = PBXBuildFile; fileRef = 838AE9B523E334FB0065E767 /* AppDelegate.swift */; };
		838AE9B823E334FB0065E767 /* SceneDelegate.swift in Sources */ = {isa = PBXBuildFile; fileRef = 838AE9B723E334FB0065E767 /* SceneDelegate.swift */; };
		838AE9BA23E334FB0065E767 /* ContentView.swift in Sources */ = {isa = PBXBuildFile; fileRef = 838AE9B923E334FB0065E767 /* ContentView.swift */; };
		838AE9BC23E334FC0065E767 /* Assets.xcassets in Resources */ = {isa = PBXBuildFile; fileRef = 838AE9BB23E334FC0065E767 /* Assets.xcassets */; };
		838AE9BF23E334FC0065E767 /* Preview Assets.xcassets in Resources */ = {isa = PBXBuildFile; fileRef = 838AE9BE23E334FC0065E767 /* Preview Assets.xcassets */; };
		838AE9C223E334FC0065E767 /* LaunchScreen.storyboard in Resources */ = {isa = PBXBuildFile; fileRef = 838AE9C023E334FC0065E767 /* LaunchScreen.storyboard */; };
/* End PBXBuildFile section */

/* Begin PBXFileReference section */
		832DCF1B24001E3700D324D0 /* CardView.swift */ = {isa = PBXFileReference; lastKnownFileType = sourcecode.swift; path = CardView.swift; sourceTree = "<group>"; };
		838AE9B223E334FB0065E767 /* Slots Demo.app */ = {isa = PBXFileReference; explicitFileType = wrapper.application; includeInIndex = 0; path = "Slots Demo.app"; sourceTree = BUILT_PRODUCTS_DIR; };
		838AE9B523E334FB0065E767 /* AppDelegate.swift */ = {isa = PBXFileReference; lastKnownFileType = sourcecode.swift; path = AppDelegate.swift; sourceTree = "<group>"; };
		838AE9B723E334FB0065E767 /* SceneDelegate.swift */ = {isa = PBXFileReference; lastKnownFileType = sourcecode.swift; path = SceneDelegate.swift; sourceTree = "<group>"; };
		838AE9B923E334FB0065E767 /* ContentView.swift */ = {isa = PBXFileReference; lastKnownFileType = sourcecode.swift; path = ContentView.swift; sourceTree = "<group>"; };
		838AE9BB23E334FC0065E767 /* Assets.xcassets */ = {isa = PBXFileReference; lastKnownFileType = folder.assetcatalog; path = Assets.xcassets; sourceTree = "<group>"; };
		838AE9BE23E334FC0065E767 /* Preview Assets.xcassets */ = {isa = PBXFileReference; lastKnownFileType = folder.assetcatalog; path = "Preview Assets.xcassets"; sourceTree = "<group>"; };
		838AE9C123E334FC0065E767 /* Base */ = {isa = PBXFileReference; lastKnownFileType = file.storyboard; name = Base; path = Base.lproj/LaunchScreen.storyboard; sourceTree = "<group>"; };
		838AE9C323E334FC0065E767 /* Info.plist */ = {isa = PBXFileReference; lastKnownFileType = text.plist.xml; path = Info.plist; sourceTree = "<group>"; };
/* End PBXFileReference section */

/* Begin PBXFrameworksBuildPhase section */
		838AE9AF23E334FB0065E767 /* Frameworks */ = {
			isa = PBXFrameworksBuildPhase;
			buildActionMask = 2147483647;
			files = (
			);
			runOnlyForDeploymentPostprocessing = 0;
		};
/* End PBXFrameworksBuildPhase section */

/* Begin PBXGroup section */
		838AE9A923E334FB0065E767 = {
			isa = PBXGroup;
			children = (
				838AE9B423E334FB0065E767 /* Slots Demo */,
				838AE9B323E334FB0065E767 /* Products */,
			);
			sourceTree = "<group>";
		};
		838AE9B323E334FB0065E767 /* Products */ = {
			isa = PBXGroup;
			children = (
				838AE9B223E334FB0065E767 /* Slots Demo.app */,
			);
			name = Products;
			sourceTree = "<group>";
		};
		838AE9B423E334FB0065E767 /* Slots Demo */ = {
			isa = PBXGroup;
			children = (
				838AE9B523E334FB0065E767 /* AppDelegate.swift */,
				838AE9B723E334FB0065E767 /* SceneDelegate.swift */,
				838AE9B923E334FB0065E767 /* ContentView.swift */,
				832DCF1B24001E3700D324D0 /* CardView.swift */,
				838AE9BB23E334FC0065E767 /* Assets.xcassets */,
				838AE9C023E334FC0065E767 /* LaunchScreen.storyboard */,
				838AE9C323E334FC0065E767 /* Info.plist */,
				838AE9BD23E334FC0065E767 /* Preview Content */,
			);
			path = "Slots Demo";
			sourceTree = "<group>";
		};
		838AE9BD23E334FC0065E767 /* Preview Content */ = {
			isa = PBXGroup;
			children = (
				838AE9BE23E334FC0065E767 /* Preview Assets.xcassets */,
			);
			path = "Preview Content";
			sourceTree = "<group>";
		};
/* End PBXGroup section */

/* Begin PBXNativeTarget section */
		838AE9B123E334FB0065E767 /* Slots Demo */ = {
			isa = PBXNativeTarget;
			buildConfigurationList = 838AE9C623E334FC0065E767 /* Build configuration list for PBXNativeTarget "Slots Demo" */;
			buildPhases = (
				838AE9AE23E334FB0065E767 /* Sources */,
				838AE9AF23E334FB0065E767 /* Frameworks */,
				838AE9B023E334FB0065E767 /* Resources */,
			);
			buildRules = (
			);
			dependencies = (
			);
			name = "Slots Demo";
			productName = "Slots Demo";
			productReference = 838AE9B223E334FB0065E767 /* Slots Demo.app */;
			productType = "com.apple.product-type.application";
		};
/* End PBXNativeTarget section */

/* Begin PBXProject section */
		838AE9AA23E334FB0065E767 /* Project object */ = {
			isa = PBXProject;
			attributes = {
				LastSwiftUpdateCheck = 1130;
				LastUpgradeCheck = 1220;
				ORGANIZATIONNAME = "Christopher Ching";
				TargetAttributes = {
					838AE9B123E334FB0065E767 = {
						CreatedOnToolsVersion = 11.3.1;
					};
				};
			};
			buildConfigurationList = 838AE9AD23E334FB0065E767 /* Build configuration list for PBXProject "Slots Demo" */;
			compatibilityVersion = "Xcode 9.3";
			developmentRegion = en;
			hasScannedForEncodings = 0;
			knownRegions = (
				en,
				Base,
			);
			mainGroup = 838AE9A923E334FB0065E767;
			productRefGroup = 838AE9B323E334FB0065E767 /* Products */;
			projectDirPath = "";
			projectRoot = "";
			targets = (
				838AE9B123E334FB0065E767 /* Slots Demo */,
			);
		};
/* End PBXProject section */

/* Begin PBXResourcesBuildPhase section */
		838AE9B023E334FB0065E767 /* Resources */ = {
			isa = PBXResourcesBuildPhase;
			buildActionMask = 2147483647;
			files = (
				838AE9C223E334FC0065E767 /* LaunchScreen.storyboard in Resources */,
				838AE9BF23E334FC0065E767 /* Preview Assets.xcassets in Resources */,
				838AE9BC23E334FC0065E767 /* Assets.xcassets in Resources */,
			);
			runOnlyForDeploymentPostprocessing = 0;
		};
/* End PBXResourcesBuildPhase section */

/* Begin PBXSourcesBuildPhase section */
		838AE9AE23E334FB0065E767 /* Sources */ = {
			isa = PBXSourcesBuildPhase;
			buildActionMask = 2147483647;
			files = (
				838AE9B623E334FB0065E767 /* AppDelegate.swift in Sources */,
				838AE9B823E334FB0065E767 /* SceneDelegate.swift in Sources */,
				832DCF1C24001E3700D324D0 /* CardView.swift in Sources */,
				838AE9BA23E334FB0065E767 /* ContentView.swift in Sources */,
			);
			runOnlyForDeploymentPostprocessing = 0;
		};
/* End PBXSourcesBuildPhase section */

/* Begin PBXVariantGroup section */
		838AE9C023E334FC0065E767 /* LaunchScreen.storyboard */ = {
			isa = PBXVariantGroup;
			children = (
				838AE9C123E334FC0065E767 /* Base */,
			);
			name = LaunchScreen.storyboard;
			sourceTree = "<group>";
		};
/* End PBXVariantGroup section */

/* Begin XCBuildConfiguration section */
		838AE9C423E334FC0065E767 /* Debug */ = {
			isa = XCBuildConfiguration;
			buildSettings = {
				ALWAYS_SEARCH_USER_PATHS = NO;
				CLANG_ANALYZER_NONNULL = YES;
				CLANG_ANALYZER_NUMBER_OBJECT_CONVERSION = YES_AGGRESSIVE;
				CLANG_CXX_LANGUAGE_STANDARD = "gnu++14";
				CLANG_CXX_LIBRARY = "libc++";
				CLANG_ENABLE_MODULES = YES;
				CLANG_ENABLE_OBJC_ARC = YES;
				CLANG_ENABLE_OBJC_WEAK = YES;
				CLANG_WARN_BLOCK_CAPTURE_AUTORELEASING = YES;
				CLANG_WARN_BOOL_CONVERSION = YES;
				CLANG_WARN_COMMA = YES;
				CLANG_WARN_CONSTANT_CONVERSION = YES;
				CLANG_WARN_DEPRECATED_OBJC_IMPLEMENTATIONS = YES;
				CLANG_WARN_DIRECT_OBJC_ISA_USAGE = YES_ERROR;
				CLANG_WARN_DOCUMENTATION_COMMENTS = YES;
				CLANG_WARN_EMPTY_BODY = YES;
				CLANG_WARN_ENUM_CONVERSION = YES;
				CLANG_WARN_INFINITE_RECURSION = YES;
				CLANG_WARN_INT_CONVERSION = YES;
				CLANG_WARN_NON_LITERAL_NULL_CONVERSION = YES;
				CLANG_WARN_OBJC_IMPLICIT_RETAIN_SELF = YES;
				CLANG_WARN_OBJC_LITERAL_CONVERSION = YES;
				CLANG_WARN_OBJC_ROOT_CLASS = YES_ERROR;
				CLANG_WARN_QUOTED_INCLUDE_IN_FRAMEWORK_HEADER = YES;
				CLANG_WARN_RANGE_LOOP_ANALYSIS = YES;
				CLANG_WARN_STRICT_PROTOTYPES = YES;
				CLANG_WARN_SUSPICIOUS_MOVE = YES;
				CLANG_WARN_UNGUARDED_AVAILABILITY = YES_AGGRESSIVE;
				CLANG_WARN_UNREACHABLE_CODE = YES;
				CLANG_WARN__DUPLICATE_METHOD_MATCH = YES;
				COPY_PHASE_STRIP = NO;
				DEBUG_INFORMATION_FORMAT = dwarf;
				ENABLE_STRICT_OBJC_MSGSEND = YES;
				ENABLE_TESTABILITY = YES;
				GCC_C_LANGUAGE_STANDARD = gnu11;
				GCC_DYNAMIC_NO_PIC = NO;
				GCC_NO_COMMON_BLOCKS = YES;
				GCC_OPTIMIZATION_LEVEL = 0;
				GCC_PREPROCESSOR_DEFINITIONS = (
					"DEBUG=1",
					"$(inherited)",
				);
				GCC_WARN_64_TO_32_BIT_CONVERSION = YES;
				GCC_WARN_ABOUT_RETURN_TYPE = YES_ERROR;
				GCC_WARN_UNDECLARED_SELECTOR = YES;
				GCC_WARN_UNINITIALIZED_AUTOS = YES_AGGRESSIVE;
				GCC_WARN_UNUSED_FUNCTION = YES;
				GCC_WARN_UNUSED_VARIABLE = YES;
				IPHONEOS_DEPLOYMENT_TARGET = 13.2;
				MTL_ENABLE_DEBUG_INFO = INCLUDE_SOURCE;
				MTL_FAST_MATH = YES;
				ONLY_ACTIVE_ARCH = YES;
				SDKROOT = iphoneos;
				SWIFT_ACTIVE_COMPILATION_CONDITIONS = DEBUG;
				SWIFT_OPTIMIZATION_LEVEL = "-Onone";
			};
			name = Debug;
		};
		838AE9C523E334FC0065E767 /* Release */ = {
			isa = XCBuildConfiguration;
			buildSettings = {
				ALWAYS_SEARCH_USER_PATHS = NO;
				CLANG_ANALYZER_NONNULL = YES;
				CLANG_ANALYZER_NUMBER_OBJECT_CONVERSION = YES_AGGRESSIVE;
				CLANG_CXX_LANGUAGE_STANDARD = "gnu++14";
				CLANG_CXX_LIBRARY = "libc++";
				CLANG_ENABLE_MODULES = YES;
				CLANG_ENABLE_OBJC_ARC = YES;
				CLANG_ENABLE_OBJC_WEAK = YES;
				CLANG_WARN_BLOCK_CAPTURE_AUTORELEASING = YES;
				CLANG_WARN_BOOL_CONVERSION = YES;
				CLANG_WARN_COMMA = YES;
				CLANG_WARN_CONSTANT_CONVERSION = YES;
				CLANG_WARN_DEPRECATED_OBJC_IMPLEMENTATIONS = YES;
				CLANG_WARN_DIRECT_OBJC_ISA_USAGE = YES_ERROR;
				CLANG_WARN_DOCUMENTATION_COMMENTS = YES;
				CLANG_WARN_EMPTY_BODY = YES;
				CLANG_WARN_ENUM_CONVERSION = YES;
				CLANG_WARN_INFINITE_RECURSION = YES;
				CLANG_WARN_INT_CONVERSION = YES;
				CLANG_WARN_NON_LITERAL_NULL_CONVERSION = YES;
				CLANG_WARN_OBJC_IMPLICIT_RETAIN_SELF = YES;
				CLANG_WARN_OBJC_LITERAL_CONVERSION = YES;
				CLANG_WARN_OBJC_ROOT_CLASS = YES_ERROR;
				CLANG_WARN_QUOTED_INCLUDE_IN_FRAMEWORK_HEADER = YES;
				CLANG_WARN_RANGE_LOOP_ANALYSIS = YES;
				CLANG_WARN_STRICT_PROTOTYPES = YES;
				CLANG_WARN_SUSPICIOUS_MOVE = YES;
				CLANG_WARN_UNGUARDED_AVAILABILITY = YES_AGGRESSIVE;
				CLANG_WARN_UNREACHABLE_CODE = YES;
				CLANG_WARN__DUPLICATE_METHOD_MATCH = YES;
				COPY_PHASE_STRIP = NO;
				DEBUG_INFORMATION_FORMAT = "dwarf-with-dsym";
				ENABLE_NS_ASSERTIONS = NO;
				ENABLE_STRICT_OBJC_MSGSEND = YES;
				GCC_C_LANGUAGE_STANDARD = gnu11;
				GCC_NO_COMMON_BLOCKS = YES;
				GCC_WARN_64_TO_32_BIT_CONVERSION = YES;
				GCC_WARN_ABOUT_RETURN_TYPE = YES_ERROR;
				GCC_WARN_UNDECLARED_SELECTOR = YES;
				GCC_WARN_UNINITIALIZED_AUTOS = YES_AGGRESSIVE;
				GCC_WARN_UNUSED_FUNCTION = YES;
				GCC_WARN_UNUSED_VARIABLE = YES;
				IPHONEOS_DEPLOYMENT_TARGET = 13.2;
				MTL_ENABLE_DEBUG_INFO = NO;
				MTL_FAST_MATH = YES;
				SDKROOT = iphoneos;
				SWIFT_COMPILATION_MODE = wholemodule;
				SWIFT_OPTIMIZATION_LEVEL = "-O";
				VALIDATE_PRODUCT = YES;
			};
			name = Release;
		};
		838AE9C723E334FC0065E767 /* Debug */ = {
			isa = XCBuildConfiguration;
			buildSettings = {
				ASSETCATALOG_COMPILER_APPICON_NAME = AppIcon;
				CODE_SIGN_STYLE = Automatic;
				DEVELOPMENT_ASSET_PATHS = "\"Slots Demo/Preview Content\"";
				DEVELOPMENT_TEAM = RYRJQ978K4;
				ENABLE_PREVIEWS = YES;
				INFOPLIST_FILE = "Slots Demo/Info.plist";
				LD_RUNPATH_SEARCH_PATHS = (
					"$(inherited)",
					"@executable_path/Frameworks",
				);
				PRODUCT_BUNDLE_IDENTIFIER = "com.codewithchris.Slots-Demo";
				PRODUCT_NAME = "$(TARGET_NAME)";
				SWIFT_VERSION = 5.0;
				TARGETED_DEVICE_FAMILY = "1,2";
			};
			name = Debug;
		};
		838AE9C823E334FC0065E767 /* Release */ = {
			isa = XCBuildConfiguration;
			buildSettings = {
				ASSETCATALOG_COMPILER_APPICON_NAME = AppIcon;
				CODE_SIGN_STYLE = Automatic;
				DEVELOPMENT_ASSET_PATHS = "\"Slots Demo/Preview Content\"";
				DEVELOPMENT_TEAM = RYRJQ978K4;
				ENABLE_PREVIEWS = YES;
				INFOPLIST_FILE = "Slots Demo/Info.plist";
				LD_RUNPATH_SEARCH_PATHS = (
					"$(inherited)",
					"@executable_path/Frameworks",
				);
				PRODUCT_BUNDLE_IDENTIFIER = "com.codewithchris.Slots-Demo";
				PRODUCT_NAME = "$(TARGET_NAME)";
				SWIFT_VERSION = 5.0;
				TARGETED_DEVICE_FAMILY = "1,2";
			};
			name = Release;
		};
/* End XCBuildConfiguration section */

/* Begin XCConfigurationList section */
		838AE9AD23E334FB0065E767 /* Build configuration list for PBXProject "Slots Demo" */ = {
			isa = XCConfigurationList;
			buildConfigurations = (
				838AE9C423E334FC0065E767 /* Debug */,
				838AE9C523E334FC0065E767 /* Release */,
			);
			defaultConfigurationIsVisible = 0;
			defaultConfigurationName = Release;
		};
		838AE9C623E334FC0065E767 /* Build configuration list for PBXNativeTarget "Slots Demo" */ = {
			isa = XCConfigurationList;
			buildConfigurations = (
				838AE9C723E334FC0065E767 /* Debug */,
				838AE9C823E334FC0065E767 /* Release */,
			);
			defaultConfigurationIsVisible = 0;
			defaultConfigurationName = Release;
		};
/* End XCConfigurationList section */
	};
	rootObject = 838AE9AA23E334FB0065E767 /* Project object */;
}
